
Microsoft Visual Studio Solution File, Format Version 12.00
# Visual Studio Version 16
VisualStudioVersion = 16.0.32802.440
MinimumVisualStudioVersion = 10.0.40219.1
Project("{FAE04EC0-301F-11D3-BF4B-00C04F79EFBC}") = "ConsoleAppEjercicio75", "ConsoleAppEjercicio75\ConsoleAppEjercicio75.csproj", "{DDEC6932-16EE-4DEE-98D5-C1299A6F6DF1}"
EndProject
Global
	GlobalSection(SolutionConfigurationPlatforms) = preSolution
		Debug|Any CPU = Debug|Any CPU
		Release|Any CPU = Release|Any CPU
	EndGlobalSection
	GlobalSection(ProjectConfigurationPlatforms) = postSolution
		{DDEC6932-16EE-4DEE-98D5-C1299A6F6DF1}.Debug|Any CPU.ActiveCfg = Debug|Any CPU
		{DDEC6932-16EE-4DEE-98D5-C1299A6F6DF1}.Debug|Any CPU.Build.0 = Debug|Any CPU
		{DDEC6932-16EE-4DEE-98D5-C1299A6F6DF1}.Release|Any CPU.ActiveCfg = Release|Any CPU
		{DDEC6932-16EE-4DEE-98D5-C1299A6F6DF1}.Release|Any CPU.Build.0 = Release|Any CPU
	EndGlobalSection
	GlobalSection(SolutionProperties) = preSolution
		HideSolutionNode = FALSE
	EndGlobalSection
	GlobalSection(ExtensibilityGlobals) = postSolution
		SolutionGuid = {465968F1-5549-4110-A27B-0DE9B1FCE71B}
	EndGlobalSection
EndGlobal
